uuid: 6039e094-42bf-4236-95cb-3ab2874551bb
langcode: nl
status: true
dependencies: {  }
_core:
  default_config_hash: 1OCKdTtMY6QI5-V9y-phCzW_SEM6FDLAiHx1yh4song
id: footer_promo_block
label: 'Footer promo-blok'
revision: 0
description: 'Een footer promo-blok bevat een titel, promo-tekst en een ''Meer informatie''-link.'
